// !$*UTF8*$!
{
	archiveVersion = 1;
	classes = {
	};
	objectVersion = 50;
	objects = {

/* Begin PBXBuildFile section */
		7D2FBA9C222C2475009B8459 /* AppDelegate.m in Sources */ = {isa = PBXBuildFile; fileRef = 7D2FBA9B222C2475009B8459 /* AppDelegate.m */; };
		7D2FBA9F222C2475009B8459 /* ViewController.m in Sources */ = {isa = PBXBuildFile; fileRef = 7D2FBA9E222C2475009B8459 /* ViewController.m */; };
		7D2FBAA2222C2475009B8459 /* Main.storyboard in Resources */ = {isa = PBXBuildFile; fileRef = 7D2FBAA0222C2475009B8459 /* Main.storyboard */; };
		7D2FBAA4222C2477009B8459 /* Assets.xcassets in Resources */ = {isa = PBXBuildFile; fileRef = 7D2FBAA3222C2477009B8459 /* Assets.xcassets */; };
		7D2FBAA7222C2477009B8459 /* LaunchScreen.storyboard in Resources */ = {isa = PBXBuildFile; fileRef = 7D2FBAA5222C2477009B8459 /* LaunchScreen.storyboard */; };
		7D2FBAAA222C2477009B8459 /* main.m in Sources */ = {isa = PBXBuildFile; fileRef = 7D2FBAA9222C2477009B8459 /* main.m */; };
/* End PBXBuildFile section */

/* Begin PBXFileReference section */
		7D2FBA97222C2475009B8459 /* ObjCActivate.app */ = {isa = PBXFileReference; explicitFileType = wrapper.application; includeInIndex = 0; path = ObjCActivate.app; sourceTree = BUILT_PRODUCTS_DIR; };
		7D2FBA9A222C2475009B8459 /* AppDelegate.h */ = {isa = PBXFileReference; lastKnownFileType = sourcecode.c.h; path = AppDelegate.h; sourceTree = "<group>"; };
		7D2FBA9B222C2475009B8459 /* AppDelegate.m */ = {isa = PBXFileReference; lastKnownFileType = sourcecode.c.objc; path = AppDelegate.m; sourceTree = "<group>"; };
		7D2FBA9D222C2475009B8459 /* ViewController.h */ = {isa = PBXFileReference; lastKnownFileType = sourcecode.c.h; path = ViewController.h; sourceTree = "<group>"; };
		7D2FBA9E222C2475009B8459 /* ViewController.m */ = {isa = PBXFileReference; lastKnownFileType = sourcecode.c.objc; path = ViewController.m; sourceTree = "<group>"; };
		7D2FBAA1222C2475009B8459 /* Base */ = {isa = PBXFileReference; lastKnownFileType = file.storyboard; name = Base; path = Base.lproj/Main.storyboard; sourceTree = "<group>"; };
		7D2FBAA3222C2477009B8459 /* Assets.xcassets */ = {isa = PBXFileReference; lastKnownFileType = folder.assetcatalog; path = Assets.xcassets; sourceTree = "<group>"; };
		7D2FBAA6222C2477009B8459 /* Base */ = {isa = PBXFileReference; lastKnownFileType = file.storyboard; name = Base; path = Base.lproj/LaunchScreen.storyboard; sourceTree = "<group>"; };
		7D2FBAA8222C2477009B8459 /* Info.plist */ = {isa = PBXFileReference; lastKnownFileType = text.plist.xml; path = Info.plist; sourceTree = "<group>"; };
		7D2FBAA9222C2477009B8459 /* main.m */ = {isa = PBXFileReference; lastKnownFileType = sourcecode.c.objc; path = main.m; sourceTree = "<group>"; };
/* End PBXFileReference section */

/* Begin PBXFrameworksBuildPhase section */
		7D2FBA94222C2475009B8459 /* Frameworks */ = {
			isa = PBXFrameworksBuildPhase;
			buildActionMask = 2147483647;
			files = (
			);
			runOnlyForDeploymentPostprocessing = 0;
		};
/* End PBXFrameworksBuildPhase section */

/* Begin PBXGroup section */
		7D2FBA8E222C2475009B8459 = {
			isa = PBXGroup;
			children = (
				7D2FBA99222C2475009B8459 /* ObjCActivate */,
				7D2FBA98222C2475009B8459 /* Products */,
			);
			sourceTree = "<group>";
		};
		7D2FBA98222C2475009B8459 /* Products */ = {
			isa = PBXGroup;
			children = (
				7D2FBA97222C2475009B8459 /* ObjCActivate.app */,
			);
			name = Products;
			sourceTree = "<group>";
		};
		7D2FBA99222C2475009B8459 /* ObjCActivate */ = {
			isa = PBXGroup;
			children = (
				7D2FBA9A222C2475009B8459 /* AppDelegate.h */,
				7D2FBA9B222C2475009B8459 /* AppDelegate.m */,
				7D2FBA9D222C2475009B8459 /* ViewController.h */,
				7D2FBA9E222C2475009B8459 /* ViewController.m */,
				7D2FBAA0222C2475009B8459 /* Main.storyboard */,
				7D2FBAA3222C2477009B8459 /* Assets.xcassets */,
				7D2FBAA5222C2477009B8459 /* LaunchScreen.storyboard */,
				7D2FBAA8222C2477009B8459 /* Info.plist */,
				7D2FBAA9222C2477009B8459 /* main.m */,
			);
			path = ObjCActivate;
			sourceTree = "<group>";
		};
/* End PBXGroup section */

/* Begin PBXNativeTarget section */
		7D2FBA96222C2475009B8459 /* ObjCActivate */ = {
			isa = PBXNativeTarget;
			buildConfigurationList = 7D2FBAAD222C2477009B8459 /* Build configuration list for PBXNativeTarget "ObjCActivate" */;
			buildPhases = (
				7D2FBA93222C2475009B8459 /* Sources */,
				7D2FBA94222C2475009B8459 /* Frameworks */,
				7D2FBA95222C2475009B8459 /* Resources */,
			);
			buildRules = (
			);
			dependencies = (
			);
			name = ObjCActivate;
			productName = ObjCActivate;
			productReference = 7D2FBA97222C2475009B8459 /* ObjCActivate.app */;
			productType = "com.apple.product-type.application";
		};
/* End PBXNativeTarget section */

/* Begin PBXProject section */
		7D2FBA8F222C2475009B8459 /* Project object */ = {
			isa = PBXProject;
			attributes = {
				LastUpgradeCheck = 1020;
				ORGANIZATIONNAME = "Sebastian Strus";
				TargetAttributes = {
					7D2FBA96222C2475009B8459 = {
						CreatedOnToolsVersion = 10.2;
					};
				};
			};
			buildConfigurationList = 7D2FBA92222C2475009B8459 /* Build configuration list for PBXProject "ObjCActivate" */;
			compatibilityVersion = "Xcode 9.3";
			developmentRegion = en;
			hasScannedForEncodings = 0;
			knownRegions = (
				en,
				Base,
			);
			mainGroup = 7D2FBA8E222C2475009B8459;
			productRefGroup = 7D2FBA98222C2475009B8459 /* Products */;
			projectDirPath = "";
			projectRoot = "";
			targets = (
				7D2FBA96222C2475009B8459 /* ObjCActivate */,
			);
		};
/* End PBXProject section */

/* Begin PBXResourcesBuildPhase section */
		7D2FBA95222C2475009B8459 /* Resources */ = {
			isa = PBXResourcesBuildPhase;
			buildActionMask = 2147483647;
			files = (
				7D2FBAA7222C2477009B8459 /* LaunchScreen.storyboard in Resources */,
				7D2FBAA4222C2477009B8459 /* Assets.xcassets in Resources */,
				7D2FBAA2222C2475009B8459 /* Main.storyboard in Resources */,
			);
			runOnlyForDeploymentPostprocessing = 0;
		};
/* End PBXResourcesBuildPhase section */

/* Begin PBXSourcesBuildPhase section */
		7D2FBA93222C2475009B8459 /* Sources */ = {
			isa = PBXSourcesBuildPhase;
			buildActionMask = 2147483647;
			files = (
				7D2FBA9F222C2475009B8459 /* ViewController.m in Sources */,
				7D2FBAAA222C2477009B8459 /* main.m in Sources */,
				7D2FBA9C222C2475009B8459 /* AppDelegate.m in Sources */,
			);
			runOnlyForDeploymentPostprocessing = 0;
		};
/* End PBXSourcesBuildPhase section */

/* Begin PBXVariantGroup section */
		7D2FBAA0222C2475009B8459 /* Main.storyboard */ = {
			isa = PBXVariantGroup;
			children = (
				7D2FBAA1222C2475009B8459 /* Base */,
			);
			name = Main.storyboard;
			sourceTree = "<group>";
		};
		7D2FBAA5222C2477009B8459 /* LaunchScreen.storyboard */ = {
			isa = PBXVariantGroup;
			children = (
				7D2FBAA6222C2477009B8459 /* Base */,
			);
			name = LaunchScreen.storyboard;
			sourceTree = "<group>";
		};
/* End PBXVariantGroup section */

/* Begin XCBuildConfiguration section */
		7D2FBAAB222C2477009B8459 /* Debug */ = {
			isa = XCBuildConfiguration;
			buildSettings = {
				ALWAYS_SEARCH_USER_PATHS = NO;
				CLANG_ANALYZER_NONNULL = YES;
				CLANG_ANALYZER_NUMBER_OBJECT_CONVERSION = YES_AGGRESSIVE;
				CLANG_CXX_LANGUAGE_STANDARD = "gnu++14";
				CLANG_CXX_LIBRARY = "libc++";
				CLANG_ENABLE_MODULES = YES;
				CLANG_ENABLE_OBJC_ARC = YES;
				CLANG_ENABLE_OBJC_WEAK = YES;
				CLANG_WARN_BLOCK_CAPTURE_AUTORELEASING = YES;
				CLANG_WARN_BOOL_CONVERSION = YES;
				CLANG_WARN_COMMA = YES;
				CLANG_WARN_CONSTANT_CONVERSION = YES;
				CLANG_WARN_DEPRECATED_OBJC_IMPLEMENTATIONS = YES;
				CLANG_WARN_DIRECT_OBJC_ISA_USAGE = YES_ERROR;
				CLANG_WARN_DOCUMENTATION_COMMENTS = YES;
				CLANG_WARN_EMPTY_BODY = YES;
				CLANG_WARN_ENUM_CONVERSION = YES;
				CLANG_WARN_INFINITE_RECURSION = YES;
				CLANG_WARN_INT_CONVERSION = YES;
				CLANG_WARN_NON_LITERAL_NULL_CONVERSION = YES;
				CLANG_WARN_OBJC_IMPLICIT_RETAIN_SELF = YES;
				CLANG_WARN_OBJC_LITERAL_CONVERSION = YES;
				CLANG_WARN_OBJC_ROOT_CLASS = YES_ERROR;
				CLANG_WARN_RANGE_LOOP_ANALYSIS = YES;
				CLANG_WARN_STRICT_PROTOTYPES = YES;
				CLANG_WARN_SUSPICIOUS_MOVE = YES;
				CLANG_WARN_UNGUARDED_AVAILABILITY = YES_AGGRESSIVE;
				CLANG_WARN_UNREACHABLE_CODE = YES;
				CLANG_WARN__DUPLICATE_METHOD_MATCH = YES;
				CODE_SIGN_IDENTITY = "iPhone Developer";
				COPY_PHASE_STRIP = NO;
				DEBUG_INFORMATION_FORMAT = dwarf;
				ENABLE_STRICT_OBJC_MSGSEND = YES;
				ENABLE_TESTABILITY = YES;
				GCC_C_LANGUAGE_STANDARD = gnu11;
				GCC_DYNAMIC_NO_PIC = NO;
				GCC_NO_COMMON_BLOCKS = YES;
				GCC_OPTIMIZATION_LEVEL = 0;
				GCC_PREPROCESSOR_DEFINITIONS = (
					"DEBUG=1",
					"$(inherited)",
				);
				GCC_WARN_64_TO_32_BIT_CONVERSION = YES;
				GCC_WARN_ABOUT_RETURN_TYPE = YES_ERROR;
				GCC_WARN_UNDECLARED_SELECTOR = YES;
				GCC_WARN_UNINITIALIZED_AUTOS = YES_AGGRESSIVE;
				GCC_WARN_UNUSED_FUNCTION = YES;
				GCC_WARN_UNUSED_VARIABLE = YES;
				IPHONEOS_DEPLOYMENT_TARGET = 12.2;
				MTL_ENABLE_DEBUG_INFO = INCLUDE_SOURCE;
				MTL_FAST_MATH = YES;
				ONLY_ACTIVE_ARCH = YES;
				SDKROOT = iphoneos;
			};
			name = Debug;
		};
		7D2FBAAC222C2477009B8459 /* Release */ = {
			isa = XCBuildConfiguration;
			buildSettings = {
				ALWAYS_SEARCH_USER_PATHS = NO;
				CLANG_ANALYZER_NONNULL = YES;
				CLANG_ANALYZER_NUMBER_OBJECT_CONVERSION = YES_AGGRESSIVE;
				CLANG_CXX_LANGUAGE_STANDARD = "gnu++14";
				CLANG_CXX_LIBRARY = "libc++";
				CLANG_ENABLE_MODULES = YES;
				CLANG_ENABLE_OBJC_ARC = YES;
				CLANG_ENABLE_OBJC_WEAK = YES;
				CLANG_WARN_BLOCK_CAPTURE_AUTORELEASING = YES;
				CLANG_WARN_BOOL_CONVERSION = YES;
				CLANG_WARN_COMMA = YES;
				CLANG_WARN_CONSTANT_CONVERSION = YES;
				CLANG_WARN_DEPRECATED_OBJC_IMPLEMENTATIONS = YES;
				CLANG_WARN_DIRECT_OBJC_ISA_USAGE = YES_ERROR;
				CLANG_WARN_DOCUMENTATION_COMMENTS = YES;
				CLANG_WARN_EMPTY_BODY = YES;
				CLANG_WARN_ENUM_CONVERSION = YES;
				CLANG_WARN_INFINITE_RECURSION = YES;
				CLANG_WARN_INT_CONVERSION = YES;
				CLANG_WARN_NON_LITERAL_NULL_CONVERSION = YES;
				CLANG_WARN_OBJC_IMPLICIT_RETAIN_SELF = YES;
				CLANG_WARN_OBJC_LITERAL_CONVERSION = YES;
				CLANG_WARN_OBJC_ROOT_CLASS = YES_ERROR;
				CLANG_WARN_RANGE_LOOP_ANALYSIS = YES;
				CLANG_WARN_STRICT_PROTOTYPES = YES;
				CLANG_WARN_SUSPICIOUS_MOVE = YES;
				CLANG_WARN_UNGUARDED_AVAILABILITY = YES_AGGRESSIVE;
				CLANG_WARN_UNREACHABLE_CODE = YES;
				CLANG_WARN__DUPLICATE_METHOD_MATCH = YES;
				CODE_SIGN_IDENTITY = "iPhone Developer";
				COPY_PHASE_STRIP = NO;
				DEBUG_INFORMATION_FORMAT = "dwarf-with-dsym";
				ENABLE_NS_ASSERTIONS = NO;
				ENABLE_STRICT_OBJC_MSGSEND = YES;
				GCC_C_LANGUAGE_STANDARD = gnu11;
				GCC_NO_COMMON_BLOCKS = YES;
				GCC_WARN_64_TO_32_BIT_CONVERSION = YES;
				GCC_WARN_ABOUT_RETURN_TYPE = YES_ERROR;
				GCC_WARN_UNDECLARED_SELECTOR = YES;
				GCC_WARN_UNINITIALIZED_AUTOS = YES_AGGRESSIVE;
				GCC_WARN_UNUSED_FUNCTION = YES;
				GCC_WARN_UNUSED_VARIABLE = YES;
				IPHONEOS_DEPLOYMENT_TARGET = 12.2;
				MTL_ENABLE_DEBUG_INFO = NO;
				MTL_FAST_MATH = YES;
				SDKROOT = iphoneos;
				VALIDATE_PRODUCT = YES;
			};
			name = Release;
		};
		7D2FBAAE222C2477009B8459 /* Debug */ = {
			isa = XCBuildConfiguration;
			buildSettings = {
				ASSETCATALOG_COMPILER_APPICON_NAME = AppIcon;
				CODE_SIGN_STYLE = Automatic;
				DEVELOPMENT_TEAM = 4SL936GBZY;
				INFOPLIST_FILE = ObjCActivate/Info.plist;
				LD_RUNPATH_SEARCH_PATHS = (
					"$(inherited)",
					"@executable_path/Frameworks",
				);
				PRODUCT_BUNDLE_IDENTIFIER = SEB.ObjCActivate;
				PRODUCT_NAME = "$(TARGET_NAME)";
				TARGETED_DEVICE_FAMILY = "1,2";
			};
			name = Debug;
		};
		7D2FBAAF222C2477009B8459 /* Release */ = {
			isa = XCBuildConfiguration;
			buildSettings = {
				ASSETCATALOG_COMPILER_APPICON_NAME = AppIcon;
				CODE_SIGN_STYLE = Automatic;
				DEVELOPMENT_TEAM = 4SL936GBZY;
				INFOPLIST_FILE = ObjCActivate/Info.plist;
				LD_RUNPATH_SEARCH_PATHS = (
					"$(inherited)",
					"@executable_path/Frameworks",
				);
				PRODUCT_BUNDLE_IDENTIFIER = SEB.ObjCActivate;
				PRODUCT_NAME = "$(TARGET_NAME)";
				TARGETED_DEVICE_FAMILY = "1,2";
			};
			name = Release;
		};
/* End XCBuildConfiguration section */

/* Begin XCConfigurationList section */
		7D2FBA92222C2475009B8459 /* Build configuration list for PBXProject "ObjCActivate" */ = {
			isa = XCConfigurationList;
			buildConfigurations = (
				7D2FBAAB222C2477009B8459 /* Debug */,
				7D2FBAAC222C2477009B8459 /* Release */,
			);
			defaultConfigurationIsVisible = 0;
			defaultConfigurationName = Release;
		};
		7D2FBAAD222C2477009B8459 /* Build configuration list for PBXNativeTarget "ObjCActivate" */ = {
			isa = XCConfigurationList;
			buildConfigurations = (
				7D2FBAAE222C2477009B8459 /* Debug */,
				7D2FBAAF222C2477009B8459 /* Release */,
			);
			defaultConfigurationIsVisible = 0;
			defaultConfigurationName = Release;
		};
/* End XCConfigurationList section */
	};
	rootObject = 7D2FBA8F222C2475009B8459 /* Project object */;
}
